
Microsoft Visual Studio Solution File, Format Version 12.00
# Visual Studio Version 17
VisualStudioVersion = 17.2.32519.379
MinimumVisualStudioVersion = 10.0.40219.1
Project("{FAE04EC0-301F-11D3-BF4B-00C04F79EFBC}") = "TetrisLibrary", "TetrisLibrary\TetrisLibrary.csproj", "{6CEA37D5-5857-4DF0-9506-F259887369D6}"
EndProject
Project("{FAE04EC0-301F-11D3-BF4B-00C04F79EFBC}") = "ConsoleTetris", "Console\ConsoleTetris.csproj", "{3D2857EE-1039-42C4-846B-C322222044A5}"
EndProject
Project("{FAE04EC0-301F-11D3-BF4B-00C04F79EFBC}") = "WPFTetris", "WPFTetris\WPFTetris.csproj", "{5FA0F6D9-A1F2-460D-9A10-E99F4B349F24}"
EndProject
Global
	GlobalSection(SolutionConfigurationPlatforms) = preSolution
		Debug|Any CPU = Debug|Any CPU
		Release|Any CPU = Release|Any CPU
	EndGlobalSection
	GlobalSection(ProjectConfigurationPlatforms) = postSolution
		{6CEA37D5-5857-4DF0-9506-F259887369D6}.Debug|Any CPU.ActiveCfg = Debug|Any CPU
		{6CEA37D5-5857-4DF0-9506-F259887369D6}.Debug|Any CPU.Build.0 = Debug|Any CPU
		{6CEA37D5-5857-4DF0-9506-F259887369D6}.Release|Any CPU.ActiveCfg = Release|Any CPU
		{6CEA37D5-5857-4DF0-9506-F259887369D6}.Release|Any CPU.Build.0 = Release|Any CPU
		{3D2857EE-1039-42C4-846B-C322222044A5}.Debug|Any CPU.ActiveCfg = Debug|Any CPU
		{3D2857EE-1039-42C4-846B-C322222044A5}.Debug|Any CPU.Build.0 = Debug|Any CPU
		{3D2857EE-1039-42C4-846B-C322222044A5}.Release|Any CPU.ActiveCfg = Release|Any CPU
		{3D2857EE-1039-42C4-846B-C322222044A5}.Release|Any CPU.Build.0 = Release|Any CPU
		{5FA0F6D9-A1F2-460D-9A10-E99F4B349F24}.Debug|Any CPU.ActiveCfg = Debug|Any CPU
		{5FA0F6D9-A1F2-460D-9A10-E99F4B349F24}.Debug|Any CPU.Build.0 = Debug|Any CPU
		{5FA0F6D9-A1F2-460D-9A10-E99F4B349F24}.Release|Any CPU.ActiveCfg = Release|Any CPU
		{5FA0F6D9-A1F2-460D-9A10-E99F4B349F24}.Release|Any CPU.Build.0 = Release|Any CPU
	EndGlobalSection
	GlobalSection(SolutionProperties) = preSolution
		HideSolutionNode = FALSE
	EndGlobalSection
	GlobalSection(ExtensibilityGlobals) = postSolution
		SolutionGuid = {786BE24A-B230-4F62-AC39-C48F4F8C56D5}
	EndGlobalSection
EndGlobal
